
Microsoft Visual Studio Solution File, Format Version 12.00
# Visual Studio Version 16
VisualStudioVersion = 16.0.30011.22
MinimumVisualStudioVersion = 10.0.40219.1
Project("{9A19103F-16F7-4668-BE54-9A1E7A4F7556}") = "Client", "Client\Client.csproj", "{76FDFAD4-3037-4126-8614-BBDD115A524F}"
EndProject
Project("{FAE04EC0-301F-11D3-BF4B-00C04F79EFBC}") = "Push", "Push\Push.csproj", "{73EA37E3-AA60-439B-BB91-3622B7A0C4E8}"
EndProject
Global
	GlobalSection(SolutionConfigurationPlatforms) = preSolution
		Debug|Any CPU = Debug|Any CPU
		Release|Any CPU = Release|Any CPU
	EndGlobalSection
	GlobalSection(ProjectConfigurationPlatforms) = postSolution
		{76FDFAD4-3037-4126-8614-BBDD115A524F}.Debug|Any CPU.ActiveCfg = Debug|Any CPU
		{76FDFAD4-3037-4126-8614-BBDD115A524F}.Debug|Any CPU.Build.0 = Debug|Any CPU
		{76FDFAD4-3037-4126-8614-BBDD115A524F}.Release|Any CPU.ActiveCfg = Release|Any CPU
		{76FDFAD4-3037-4126-8614-BBDD115A524F}.Release|Any CPU.Build.0 = Release|Any CPU
		{73EA37E3-AA60-439B-BB91-3622B7A0C4E8}.Debug|Any CPU.ActiveCfg = Debug|Any CPU
		{73EA37E3-AA60-439B-BB91-3622B7A0C4E8}.Debug|Any CPU.Build.0 = Debug|Any CPU
		{73EA37E3-AA60-439B-BB91-3622B7A0C4E8}.Release|Any CPU.ActiveCfg = Release|Any CPU
		{73EA37E3-AA60-439B-BB91-3622B7A0C4E8}.Release|Any CPU.Build.0 = Release|Any CPU
	EndGlobalSection
	GlobalSection(SolutionProperties) = preSolution
		HideSolutionNode = FALSE
	EndGlobalSection
	GlobalSection(ExtensibilityGlobals) = postSolution
		SolutionGuid = {2CA8D689-E530-4DFD-903F-4CD203628405}
	EndGlobalSection
EndGlobal
